// !$*UTF8*$!
{
	archiveVersion = 1;
	classes = {
	};
	objectVersion = 46;
	objects = {

/* Begin PBXBuildFile section */
		170C5AE318D01CCA008D3543 /* AppController.mm in Sources */ = {isa = PBXBuildFile; fileRef = 170C5AD018D01CCA008D3543 /* AppController.mm */; };
		170C5AE418D01CCA008D3543 /* AudioDevice.cpp in Sources */ = {isa = PBXBuildFile; fileRef = 170C5AD118D01CCA008D3543 /* AudioDevice.cpp */; };
		170C5AE518D01CCA008D3543 /* AudioTee.cpp in Sources */ = {isa = PBXBuildFile; fileRef = 170C5AD318D01CCA008D3543 /* AudioTee.cpp */; };
		170C5AE618D01CCA008D3543 /* CARingBuffer.cpp in Sources */ = {isa = PBXBuildFile; fileRef = 170C5AD518D01CCA008D3543 /* CARingBuffer.cpp */; };
		170C5AE818D01CCA008D3543 /* kill_recorders.sh in Resources */ = {isa = PBXBuildFile; fileRef = 170C5ADE18D01CCA008D3543 /* kill_recorders.sh */; };
		170C5AE918D01CCA008D3543 /* record.sh in Resources */ = {isa = PBXBuildFile; fileRef = 170C5ADF18D01CCA008D3543 /* record.sh */; };
		170C5AEA18D01CCA008D3543 /* sox in Resources */ = {isa = PBXBuildFile; fileRef = 170C5AE018D01CCA008D3543 /* sox */; };
		170C5AEB18D01CCA008D3543 /* WavFileUtils.cpp in Sources */ = {isa = PBXBuildFile; fileRef = 170C5AE118D01CCA008D3543 /* WavFileUtils.cpp */; };
		170C5AED18D01D17008D3543 /* AudioToolbox.framework in Frameworks */ = {isa = PBXBuildFile; fileRef = 170C5AEC18D01D17008D3543 /* AudioToolbox.framework */; };
		170C5AF118D01D31008D3543 /* IOKit.framework in Frameworks */ = {isa = PBXBuildFile; fileRef = 170C5AF018D01D31008D3543 /* IOKit.framework */; };
		170C5AF218D01D3F008D3543 /* Foundation.framework in Frameworks */ = {isa = PBXBuildFile; fileRef = 172BE64518C91CBD003DEBC5 /* Foundation.framework */; };
		170C5AF318D01D44008D3543 /* AppKit.framework in Frameworks */ = {isa = PBXBuildFile; fileRef = 172BE64318C91CBD003DEBC5 /* AppKit.framework */; };
		170C5AFB18D02064008D3543 /* CARingBuffer.cpp in Sources */ = {isa = PBXBuildFile; fileRef = 170C5AF918D02064008D3543 /* CARingBuffer.cpp */; };
		170C5AFC18D02144008D3543 /* CoreAudio.framework in Frameworks */ = {isa = PBXBuildFile; fileRef = 170C5AEE18D01D24008D3543 /* CoreAudio.framework */; };
		172AD82418D772D800524E8C /* ScreenRecorder.m in Sources */ = {isa = PBXBuildFile; fileRef = 172AD82318D772D800524E8C /* ScreenRecorder.m */; };
		172AD82718D7730500524E8C /* DrawMouseBoxView.m in Sources */ = {isa = PBXBuildFile; fileRef = 172AD82618D7730500524E8C /* DrawMouseBoxView.m */; };
		172AD82918D798AF00524E8C /* QTKit.framework in Frameworks */ = {isa = PBXBuildFile; fileRef = 172AD82818D798AF00524E8C /* QTKit.framework */; };
		172AD83518D8F5E700524E8C /* cutter.png in Resources */ = {isa = PBXBuildFile; fileRef = 172AD83418D8F5E700524E8C /* cutter.png */; };
		172AD83718D8FB2800524E8C /* Carbon.framework in Frameworks */ = {isa = PBXBuildFile; fileRef = 172AD83618D8FB2800524E8C /* Carbon.framework */; };
		172BE64118C91CBD003DEBC5 /* Cocoa.framework in Frameworks */ = {isa = PBXBuildFile; fileRef = 172BE64018C91CBD003DEBC5 /* Cocoa.framework */; };
		172BE64B18C91CBD003DEBC5 /* InfoPlist.strings in Resources */ = {isa = PBXBuildFile; fileRef = 172BE64918C91CBD003DEBC5 /* InfoPlist.strings */; };
		172BE64D18C91CBD003DEBC5 /* main.m in Sources */ = {isa = PBXBuildFile; fileRef = 172BE64C18C91CBD003DEBC5 /* main.m */; };
		172BE65118C91CBD003DEBC5 /* Credits.rtf in Resources */ = {isa = PBXBuildFile; fileRef = 172BE64F18C91CBD003DEBC5 /* Credits.rtf */; };
		172BE65418C91CBD003DEBC5 /* MainViewAppDelegate.m in Sources */ = {isa = PBXBuildFile; fileRef = 172BE65318C91CBD003DEBC5 /* MainViewAppDelegate.m */; };
		172BE65718C91CBD003DEBC5 /* MainMenu.xib in Resources */ = {isa = PBXBuildFile; fileRef = 172BE65518C91CBD003DEBC5 /* MainMenu.xib */; };
		172BE65918C91CBD003DEBC5 /* Images.xcassets in Resources */ = {isa = PBXBuildFile; fileRef = 172BE65818C91CBD003DEBC5 /* Images.xcassets */; };
		172BE66018C91CBD003DEBC5 /* XCTest.framework in Frameworks */ = {isa = PBXBuildFile; fileRef = 172BE65F18C91CBD003DEBC5 /* XCTest.framework */; };
		172BE66118C91CBD003DEBC5 /* Cocoa.framework in Frameworks */ = {isa = PBXBuildFile; fileRef = 172BE64018C91CBD003DEBC5 /* Cocoa.framework */; };
		172BE66918C91CBD003DEBC5 /* InfoPlist.strings in Resources */ = {isa = PBXBuildFile; fileRef = 172BE66718C91CBD003DEBC5 /* InfoPlist.strings */; };
		172BE66B18C91CBD003DEBC5 /* CutterTests.m in Sources */ = {isa = PBXBuildFile; fileRef = 172BE66A18C91CBD003DEBC5 /* CutterTests.m */; };
		1737A59418D17270003B1787 /* ffmpeg in Resources */ = {isa = PBXBuildFile; fileRef = 1737A59318D17270003B1787 /* ffmpeg */; };
		174BE77C18D16B3B0072B158 /* AVFoundation.framework in Frameworks */ = {isa = PBXBuildFile; fileRef = 174BE77B18D16B3B0072B158 /* AVFoundation.framework */; };
		17ED4BE518D92B35004A0D1B /* Recorder.m in Sources */ = {isa = PBXBuildFile; fileRef = 17ED4BE418D92B35004A0D1B /* Recorder.m */; };
		17F41AC418DBAEFA00DF1A27 /* UploadView.m in Sources */ = {isa = PBXBuildFile; fileRef = 17F41AC218DBAEFA00DF1A27 /* UploadView.m */; };
		17F41AC518DBAEFA00DF1A27 /* UploadView.xib in Resources */ = {isa = PBXBuildFile; fileRef = 17F41AC318DBAEFA00DF1A27 /* UploadView.xib */; };
/* End PBXBuildFile section */

/* Begin PBXContainerItemProxy section */
		172BE66218C91CBD003DEBC5 /* PBXContainerItemProxy */ = {
			isa = PBXContainerItemProxy;
			containerPortal = 172BE63518C91CBD003DEBC5 /* Project object */;
			proxyType = 1;
			remoteGlobalIDString = 172BE63C18C91CBD003DEBC5;
			remoteInfo = Cutter;
		};
/* End PBXContainerItemProxy section */

/* Begin PBXFileReference section */
		170C5ACF18D01CCA008D3543 /* AppController.hpp */ = {isa = PBXFileReference; fileEncoding = 4; lastKnownFileType = sourcecode.cpp.h; path = AppController.hpp; sourceTree = "<group>"; };
		170C5AD018D01CCA008D3543 /* AppController.mm */ = {isa = PBXFileReference; fileEncoding = 4; lastKnownFileType = sourcecode.cpp.objcpp; path = AppController.mm; sourceTree = "<group>"; };
		170C5AD118D01CCA008D3543 /* AudioDevice.cpp */ = {isa = PBXFileReference; fileEncoding = 4; lastKnownFileType = sourcecode.cpp.cpp; path = AudioDevice.cpp; sourceTree = "<group>"; };
		170C5AD218D01CCA008D3543 /* AudioDevice.hpp */ = {isa = PBXFileReference; fileEncoding = 4; lastKnownFileType = sourcecode.cpp.h; path = AudioDevice.hpp; sourceTree = "<group>"; };
		170C5AD318D01CCA008D3543 /* AudioTee.cpp */ = {isa = PBXFileReference; fileEncoding = 4; lastKnownFileType = sourcecode.cpp.cpp; path = AudioTee.cpp; sourceTree = "<group>"; };
		170C5AD418D01CCA008D3543 /* AudioTee.hpp */ = {isa = PBXFileReference; fileEncoding = 4; lastKnownFileType = sourcecode.cpp.h; path = AudioTee.hpp; sourceTree = "<group>"; };
		170C5AD518D01CCA008D3543 /* CARingBuffer.cpp */ = {isa = PBXFileReference; fileEncoding = 4; lastKnownFileType = sourcecode.cpp.cpp; path = CARingBuffer.cpp; sourceTree = "<group>"; };
		170C5AD618D01CCA008D3543 /* CARingBuffer.h */ = {isa = PBXFileReference; fileEncoding = 4; lastKnownFileType = sourcecode.c.h; path = CARingBuffer.h; sourceTree = "<group>"; };
		170C5ADE18D01CCA008D3543 /* kill_recorders.sh */ = {isa = PBXFileReference; fileEncoding = 4; lastKnownFileType = text.script.sh; path = kill_recorders.sh; sourceTree = "<group>"; };
		170C5ADF18D01CCA008D3543 /* record.sh */ = {isa = PBXFileReference; fileEncoding = 4; lastKnownFileType = text.script.sh; path = record.sh; sourceTree = "<group>"; };
		170C5AE018D01CCA008D3543 /* sox */ = {isa = PBXFileReference; lastKnownFileType = "compiled.mach-o.executable"; path = sox; sourceTree = "<group>"; };
		170C5AE118D01CCA008D3543 /* WavFileUtils.cpp */ = {isa = PBXFileReference; fileEncoding = 4; lastKnownFileType = sourcecode.cpp.cpp; path = WavFileUtils.cpp; sourceTree = "<group>"; };
		170C5AE218D01CCA008D3543 /* WavFileUtils.hpp */ = {isa = PBXFileReference; fileEncoding = 4; lastKnownFileType = sourcecode.cpp.h; path = WavFileUtils.hpp; sourceTree = "<group>"; };
		170C5AEC18D01D17008D3543 /* AudioToolbox.framework */ = {isa = PBXFileReference; lastKnownFileType = wrapper.framework; name = AudioToolbox.framework; path = System/Library/Frameworks/AudioToolbox.framework; sourceTree = SDKROOT; };
		170C5AEE18D01D24008D3543 /* CoreAudio.framework */ = {isa = PBXFileReference; lastKnownFileType = wrapper.framework; name = CoreAudio.framework; path = System/Library/Frameworks/CoreAudio.framework; sourceTree = SDKROOT; };
		170C5AF018D01D31008D3543 /* IOKit.framework */ = {isa = PBXFileReference; lastKnownFileType = wrapper.framework; name = IOKit.framework; path = System/Library/Frameworks/IOKit.framework; sourceTree = SDKROOT; };
		170C5AF618D02064008D3543 /* CAAtomic.h */ = {isa = PBXFileReference; fileEncoding = 4; lastKnownFileType = sourcecode.c.h; path = CAAtomic.h; sourceTree = "<group>"; };
		170C5AF718D02064008D3543 /* CAAutoDisposer.h */ = {isa = PBXFileReference; fileEncoding = 4; lastKnownFileType = sourcecode.c.h; path = CAAutoDisposer.h; sourceTree = "<group>"; };
		170C5AF818D02064008D3543 /* CABitOperations.h */ = {isa = PBXFileReference; fileEncoding = 4; lastKnownFileType = sourcecode.c.h; path = CABitOperations.h; sourceTree = "<group>"; };
		170C5AF918D02064008D3543 /* CARingBuffer.cpp */ = {isa = PBXFileReference; fileEncoding = 4; lastKnownFileType = sourcecode.cpp.cpp; path = CARingBuffer.cpp; sourceTree = "<group>"; };
		170C5AFA18D02064008D3543 /* CARingBuffer.h */ = {isa = PBXFileReference; fileEncoding = 4; lastKnownFileType = sourcecode.c.h; path = CARingBuffer.h; sourceTree = "<group>"; };
		172AD82218D772D800524E8C /* ScreenRecorder.h */ = {isa = PBXFileReference; fileEncoding = 4; lastKnownFileType = sourcecode.c.h; path = ScreenRecorder.h; sourceTree = "<group>"; };
		172AD82318D772D800524E8C /* ScreenRecorder.m */ = {isa = PBXFileReference; fileEncoding = 4; lastKnownFileType = sourcecode.c.objc; path = ScreenRecorder.m; sourceTree = "<group>"; };
		172AD82518D7730500524E8C /* DrawMouseBoxView.h */ = {isa = PBXFileReference; fileEncoding = 4; lastKnownFileType = sourcecode.c.h; path = DrawMouseBoxView.h; sourceTree = "<group>"; };
		172AD82618D7730500524E8C /* DrawMouseBoxView.m */ = {isa = PBXFileReference; fileEncoding = 4; lastKnownFileType = sourcecode.c.objc; path = DrawMouseBoxView.m; sourceTree = "<group>"; };
		172AD82818D798AF00524E8C /* QTKit.framework */ = {isa = PBXFileReference; lastKnownFileType = wrapper.framework; name = QTKit.framework; path = System/Library/Frameworks/QTKit.framework; sourceTree = SDKROOT; };
		172AD83418D8F5E700524E8C /* cutter.png */ = {isa = PBXFileReference; lastKnownFileType = image.png; path = cutter.png; sourceTree = "<group>"; };
		172AD83618D8FB2800524E8C /* Carbon.framework */ = {isa = PBXFileReference; lastKnownFileType = wrapper.framework; name = Carbon.framework; path = System/Library/Frameworks/Carbon.framework; sourceTree = SDKROOT; };
		172BE63D18C91CBD003DEBC5 /* Cutter.app */ = {isa = PBXFileReference; explicitFileType = wrapper.application; includeInIndex = 0; path = Cutter.app; sourceTree = BUILT_PRODUCTS_DIR; };
		172BE64018C91CBD003DEBC5 /* Cocoa.framework */ = {isa = PBXFileReference; lastKnownFileType = wrapper.framework; name = Cocoa.framework; path = System/Library/Frameworks/Cocoa.framework; sourceTree = SDKROOT; };
		172BE64318C91CBD003DEBC5 /* AppKit.framework */ = {isa = PBXFileReference; lastKnownFileType = wrapper.framework; name = AppKit.framework; path = System/Library/Frameworks/AppKit.framework; sourceTree = SDKROOT; };
		172BE64418C91CBD003DEBC5 /* CoreData.framework */ = {isa = PBXFileReference; lastKnownFileType = wrapper.framework; name = CoreData.framework; path = System/Library/Frameworks/CoreData.framework; sourceTree = SDKROOT; };
		172BE64518C91CBD003DEBC5 /* Foundation.framework */ = {isa = PBXFileReference; lastKnownFileType = wrapper.framework; name = Foundation.framework; path = System/Library/Frameworks/Foundation.framework; sourceTree = SDKROOT; };
		172BE64818C91CBD003DEBC5 /* Cutter-Info.plist */ = {isa = PBXFileReference; lastKnownFileType = text.plist.xml; path = "Cutter-Info.plist"; sourceTree = "<group>"; };
		172BE64A18C91CBD003DEBC5 /* en */ = {isa = PBXFileReference; lastKnownFileType = text.plist.strings; name = en; path = en.lproj/InfoPlist.strings; sourceTree = "<group>"; };
		172BE64C18C91CBD003DEBC5 /* main.m */ = {isa = PBXFileReference; lastKnownFileType = sourcecode.c.objc; path = main.m; sourceTree = "<group>"; };
		172BE64E18C91CBD003DEBC5 /* Cutter-Prefix.pch */ = {isa = PBXFileReference; lastKnownFileType = sourcecode.c.h; path = "Cutter-Prefix.pch"; sourceTree = "<group>"; };
		172BE65018C91CBD003DEBC5 /* en */ = {isa = PBXFileReference; lastKnownFileType = text.rtf; name = en; path = en.lproj/Credits.rtf; sourceTree = "<group>"; };
		172BE65218C91CBD003DEBC5 /* MainViewAppDelegate.h */ = {isa = PBXFileReference; lastKnownFileType = sourcecode.c.h; path = MainViewAppDelegate.h; sourceTree = "<group>"; };
		172BE65318C91CBD003DEBC5 /* MainViewAppDelegate.m */ = {isa = PBXFileReference; lastKnownFileType = sourcecode.c.objc; path = MainViewAppDelegate.m; sourceTree = "<group>"; };
		172BE65618C91CBD003DEBC5 /* Base */ = {isa = PBXFileReference; lastKnownFileType = file.xib; name = Base; path = Base.lproj/MainMenu.xib; sourceTree = "<group>"; };
		172BE65818C91CBD003DEBC5 /* Images.xcassets */ = {isa = PBXFileReference; lastKnownFileType = folder.assetcatalog; path = Images.xcassets; sourceTree = "<group>"; };
		172BE65E18C91CBD003DEBC5 /* CutterTests.xctest */ = {isa = PBXFileReference; explicitFileType = wrapper.cfbundle; includeInIndex = 0; path = CutterTests.xctest; sourceTree = BUILT_PRODUCTS_DIR; };
		172BE65F18C91CBD003DEBC5 /* XCTest.framework */ = {isa = PBXFileReference; lastKnownFileType = wrapper.framework; name = XCTest.framework; path = Library/Frameworks/XCTest.framework; sourceTree = DEVELOPER_DIR; };
		172BE66618C91CBD003DEBC5 /* CutterTests-Info.plist */ = {isa = PBXFileReference; lastKnownFileType = text.plist.xml; path = "CutterTests-Info.plist"; sourceTree = "<group>"; };
		172BE66818C91CBD003DEBC5 /* en */ = {isa = PBXFileReference; lastKnownFileType = text.plist.strings; name = en; path = en.lproj/InfoPlist.strings; sourceTree = "<group>"; };
		172BE66A18C91CBD003DEBC5 /* CutterTests.m */ = {isa = PBXFileReference; lastKnownFileType = sourcecode.c.objc; path = CutterTests.m; sourceTree = "<group>"; };
		1737A59318D17270003B1787 /* ffmpeg */ = {isa = PBXFileReference; lastKnownFileType = "compiled.mach-o.executable"; path = ffmpeg; sourceTree = "<group>"; };
		174BE77B18D16B3B0072B158 /* AVFoundation.framework */ = {isa = PBXFileReference; lastKnownFileType = wrapper.framework; name = AVFoundation.framework; path = System/Library/Frameworks/AVFoundation.framework; sourceTree = SDKROOT; };
		17ED4BE318D92B35004A0D1B /* Recorder.h */ = {isa = PBXFileReference; fileEncoding = 4; lastKnownFileType = sourcecode.c.h; path = Recorder.h; sourceTree = "<group>"; };
		17ED4BE418D92B35004A0D1B /* Recorder.m */ = {isa = PBXFileReference; fileEncoding = 4; lastKnownFileType = sourcecode.c.objc; path = Recorder.m; sourceTree = "<group>"; };
		17F41AC118DBAEFA00DF1A27 /* UploadView.h */ = {isa = PBXFileReference; fileEncoding = 4; lastKnownFileType = sourcecode.c.h; path = UploadView.h; sourceTree = "<group>"; };
		17F41AC218DBAEFA00DF1A27 /* UploadView.m */ = {isa = PBXFileReference; fileEncoding = 4; lastKnownFileType = sourcecode.c.objc; path = UploadView.m; sourceTree = "<group>"; };
		17F41AC318DBAEFA00DF1A27 /* UploadView.xib */ = {isa = PBXFileReference; fileEncoding = 4; lastKnownFileType = file.xib; path = UploadView.xib; sourceTree = "<group>"; };
/* End PBXFileReference section */

/* Begin PBXFrameworksBuildPhase section */
		172BE63A18C91CBD003DEBC5 /* Frameworks */ = {
			isa = PBXFrameworksBuildPhase;
			buildActionMask = 2147483647;
			files = (
				172AD83718D8FB2800524E8C /* Carbon.framework in Frameworks */,
				172AD82918D798AF00524E8C /* QTKit.framework in Frameworks */,
				174BE77C18D16B3B0072B158 /* AVFoundation.framework in Frameworks */,
				170C5AFC18D02144008D3543 /* CoreAudio.framework in Frameworks */,
				170C5AF318D01D44008D3543 /* AppKit.framework in Frameworks */,
				170C5AF218D01D3F008D3543 /* Foundation.framework in Frameworks */,
				170C5AF118D01D31008D3543 /* IOKit.framework in Frameworks */,
				170C5AED18D01D17008D3543 /* AudioToolbox.framework in Frameworks */,
				172BE64118C91CBD003DEBC5 /* Cocoa.framework in Frameworks */,
			);
			runOnlyForDeploymentPostprocessing = 0;
		};
		172BE65B18C91CBD003DEBC5 /* Frameworks */ = {
			isa = PBXFrameworksBuildPhase;
			buildActionMask = 2147483647;
			files = (
				172BE66118C91CBD003DEBC5 /* Cocoa.framework in Frameworks */,
				172BE66018C91CBD003DEBC5 /* XCTest.framework in Frameworks */,
			);
			runOnlyForDeploymentPostprocessing = 0;
		};
/* End PBXFrameworksBuildPhase section */

/* Begin PBXGroup section */
		170C5ACE18D01CB9008D3543 /* WavTap */ = {
			isa = PBXGroup;
			children = (
				170C5AF418D02064008D3543 /* CoreAudio */,
				170C5ACF18D01CCA008D3543 /* AppController.hpp */,
				170C5AD018D01CCA008D3543 /* AppController.mm */,
				170C5AD118D01CCA008D3543 /* AudioDevice.cpp */,
				170C5AD218D01CCA008D3543 /* AudioDevice.hpp */,
				170C5AD318D01CCA008D3543 /* AudioTee.cpp */,
				170C5AD418D01CCA008D3543 /* AudioTee.hpp */,
				170C5AD518D01CCA008D3543 /* CARingBuffer.cpp */,
				170C5AD618D01CCA008D3543 /* CARingBuffer.h */,
				170C5ADE18D01CCA008D3543 /* kill_recorders.sh */,
				170C5ADF18D01CCA008D3543 /* record.sh */,
				170C5AE018D01CCA008D3543 /* sox */,
				170C5AE118D01CCA008D3543 /* WavFileUtils.cpp */,
				170C5AE218D01CCA008D3543 /* WavFileUtils.hpp */,
				1737A59318D17270003B1787 /* ffmpeg */,
			);
			name = WavTap;
			sourceTree = "<group>";
		};
		170C5AF418D02064008D3543 /* CoreAudio */ = {
			isa = PBXGroup;
			children = (
				170C5AF518D02064008D3543 /* PublicUtility */,
			);
			path = CoreAudio;
			sourceTree = "<group>";
		};
		170C5AF518D02064008D3543 /* PublicUtility */ = {
			isa = PBXGroup;
			children = (
				170C5AF618D02064008D3543 /* CAAtomic.h */,
				170C5AF718D02064008D3543 /* CAAutoDisposer.h */,
				170C5AF818D02064008D3543 /* CABitOperations.h */,
				170C5AF918D02064008D3543 /* CARingBuffer.cpp */,
				170C5AFA18D02064008D3543 /* CARingBuffer.h */,
			);
			path = PublicUtility;
			sourceTree = "<group>";
		};
		172AD82D18D8F46200524E8C /* Resources */ = {
			isa = PBXGroup;
			children = (
				172AD83418D8F5E700524E8C /* cutter.png */,
			);
			name = Resources;
			sourceTree = "<group>";
		};
		172BE63418C91CBD003DEBC5 = {
			isa = PBXGroup;
			children = (
				172BE64618C91CBD003DEBC5 /* Cutter */,
				172BE66418C91CBD003DEBC5 /* CutterTests */,
				172BE63F18C91CBD003DEBC5 /* Frameworks */,
				172BE63E18C91CBD003DEBC5 /* Products */,
			);
			sourceTree = "<group>";
		};
		172BE63E18C91CBD003DEBC5 /* Products */ = {
			isa = PBXGroup;
			children = (
				172BE63D18C91CBD003DEBC5 /* Cutter.app */,
				172BE65E18C91CBD003DEBC5 /* CutterTests.xctest */,
			);
			name = Products;
			sourceTree = "<group>";
		};
		172BE63F18C91CBD003DEBC5 /* Frameworks */ = {
			isa = PBXGroup;
			children = (
				172AD83618D8FB2800524E8C /* Carbon.framework */,
				172AD82818D798AF00524E8C /* QTKit.framework */,
				174BE77B18D16B3B0072B158 /* AVFoundation.framework */,
				170C5AF018D01D31008D3543 /* IOKit.framework */,
				170C5AEE18D01D24008D3543 /* CoreAudio.framework */,
				170C5AEC18D01D17008D3543 /* AudioToolbox.framework */,
				172BE64018C91CBD003DEBC5 /* Cocoa.framework */,
				172BE65F18C91CBD003DEBC5 /* XCTest.framework */,
				172BE64218C91CBD003DEBC5 /* Other Frameworks */,
			);
			name = Frameworks;
			sourceTree = "<group>";
		};
		172BE64218C91CBD003DEBC5 /* Other Frameworks */ = {
			isa = PBXGroup;
			children = (
				172BE64318C91CBD003DEBC5 /* AppKit.framework */,
				172BE64418C91CBD003DEBC5 /* CoreData.framework */,
				172BE64518C91CBD003DEBC5 /* Foundation.framework */,
			);
			name = "Other Frameworks";
			sourceTree = "<group>";
		};
		172BE64618C91CBD003DEBC5 /* Cutter */ = {
			isa = PBXGroup;
			children = (
				172AD82D18D8F46200524E8C /* Resources */,
				1737A59518D1741A003B1787 /* TestResources */,
				170C5ACE18D01CB9008D3543 /* WavTap */,
				172BE65218C91CBD003DEBC5 /* MainViewAppDelegate.h */,
				172BE65318C91CBD003DEBC5 /* MainViewAppDelegate.m */,
				172BE65518C91CBD003DEBC5 /* MainMenu.xib */,
				172BE65818C91CBD003DEBC5 /* Images.xcassets */,
				172BE64718C91CBD003DEBC5 /* Supporting Files */,
				172AD82218D772D800524E8C /* ScreenRecorder.h */,
				172AD82318D772D800524E8C /* ScreenRecorder.m */,
				172AD82518D7730500524E8C /* DrawMouseBoxView.h */,
				172AD82618D7730500524E8C /* DrawMouseBoxView.m */,
				17ED4BE318D92B35004A0D1B /* Recorder.h */,
				17ED4BE418D92B35004A0D1B /* Recorder.m */,
				17F41AC118DBAEFA00DF1A27 /* UploadView.h */,
				17F41AC218DBAEFA00DF1A27 /* UploadView.m */,
				17F41AC318DBAEFA00DF1A27 /* UploadView.xib */,
			);
			path = Cutter;
			sourceTree = "<group>";
		};
		172BE64718C91CBD003DEBC5 /* Supporting Files */ = {
			isa = PBXGroup;
			children = (
				172BE64818C91CBD003DEBC5 /* Cutter-Info.plist */,
				172BE64918C91CBD003DEBC5 /* InfoPlist.strings */,
				172BE64C18C91CBD003DEBC5 /* main.m */,
				172BE64E18C91CBD003DEBC5 /* Cutter-Prefix.pch */,
				172BE64F18C91CBD003DEBC5 /* Credits.rtf */,
			);
			name = "Supporting Files";
			sourceTree = "<group>";
		};
		172BE66418C91CBD003DEBC5 /* CutterTests */ = {
			isa = PBXGroup;
			children = (
				172BE66A18C91CBD003DEBC5 /* CutterTests.m */,
				172BE66518C91CBD003DEBC5 /* Supporting Files */,
			);
			path = CutterTests;
			sourceTree = "<group>";
		};
		172BE66518C91CBD003DEBC5 /* Supporting Files */ = {
			isa = PBXGroup;
			children = (
				172BE66618C91CBD003DEBC5 /* CutterTests-Info.plist */,
				172BE66718C91CBD003DEBC5 /* InfoPlist.strings */,
			);
			name = "Supporting Files";
			sourceTree = "<group>";
		};
		1737A59518D1741A003B1787 /* TestResources */ = {
			isa = PBXGroup;
			children = (
			);
			name = TestResources;
			sourceTree = "<group>";
		};
/* End PBXGroup section */

/* Begin PBXNativeTarget section */
		172BE63C18C91CBD003DEBC5 /* Cutter */ = {
			isa = PBXNativeTarget;
			buildConfigurationList = 172BE66E18C91CBD003DEBC5 /* Build configuration list for PBXNativeTarget "Cutter" */;
			buildPhases = (
				172BE63918C91CBD003DEBC5 /* Sources */,
				172BE63A18C91CBD003DEBC5 /* Frameworks */,
				172BE63B18C91CBD003DEBC5 /* Resources */,
			);
			buildRules = (
			);
			dependencies = (
			);
			name = Cutter;
			productName = Cutter;
			productReference = 172BE63D18C91CBD003DEBC5 /* Cutter.app */;
			productType = "com.apple.product-type.application";
		};
		172BE65D18C91CBD003DEBC5 /* CutterTests */ = {
			isa = PBXNativeTarget;
			buildConfigurationList = 172BE67118C91CBD003DEBC5 /* Build configuration list for PBXNativeTarget "CutterTests" */;
			buildPhases = (
				172BE65A18C91CBD003DEBC5 /* Sources */,
				172BE65B18C91CBD003DEBC5 /* Frameworks */,
				172BE65C18C91CBD003DEBC5 /* Resources */,
			);
			buildRules = (
			);
			dependencies = (
				172BE66318C91CBD003DEBC5 /* PBXTargetDependency */,
			);
			name = CutterTests;
			productName = CutterTests;
			productReference = 172BE65E18C91CBD003DEBC5 /* CutterTests.xctest */;
			productType = "com.apple.product-type.bundle.unit-test";
		};
/* End PBXNativeTarget section */

/* Begin PBXProject section */
		172BE63518C91CBD003DEBC5 /* Project object */ = {
			isa = PBXProject;
			attributes = {
				CLASSPREFIX = MainView;
				LastUpgradeCheck = 0500;
				ORGANIZATIONNAME = "Jordan Howlett";
				TargetAttributes = {
					172BE65D18C91CBD003DEBC5 = {
						TestTargetID = 172BE63C18C91CBD003DEBC5;
					};
				};
			};
			buildConfigurationList = 172BE63818C91CBD003DEBC5 /* Build configuration list for PBXProject "Cutter" */;
			compatibilityVersion = "Xcode 3.2";
			developmentRegion = English;
			hasScannedForEncodings = 0;
			knownRegions = (
				en,
				Base,
			);
			mainGroup = 172BE63418C91CBD003DEBC5;
			productRefGroup = 172BE63E18C91CBD003DEBC5 /* Products */;
			projectDirPath = "";
			projectRoot = "";
			targets = (
				172BE63C18C91CBD003DEBC5 /* Cutter */,
				172BE65D18C91CBD003DEBC5 /* CutterTests */,
			);
		};
/* End PBXProject section */

/* Begin PBXResourcesBuildPhase section */
		172BE63B18C91CBD003DEBC5 /* Resources */ = {
			isa = PBXResourcesBuildPhase;
			buildActionMask = 2147483647;
			files = (
				172BE64B18C91CBD003DEBC5 /* InfoPlist.strings in Resources */,
				170C5AE918D01CCA008D3543 /* record.sh in Resources */,
				172BE65918C91CBD003DEBC5 /* Images.xcassets in Resources */,
				17F41AC518DBAEFA00DF1A27 /* UploadView.xib in Resources */,
				1737A59418D17270003B1787 /* ffmpeg in Resources */,
				170C5AEA18D01CCA008D3543 /* sox in Resources */,
				172BE65118C91CBD003DEBC5 /* Credits.rtf in Resources */,
				172AD83518D8F5E700524E8C /* cutter.png in Resources */,
				170C5AE818D01CCA008D3543 /* kill_recorders.sh in Resources */,
				172BE65718C91CBD003DEBC5 /* MainMenu.xib in Resources */,
			);
			runOnlyForDeploymentPostprocessing = 0;
		};
		172BE65C18C91CBD003DEBC5 /* Resources */ = {
			isa = PBXResourcesBuildPhase;
			buildActionMask = 2147483647;
			files = (
				172BE66918C91CBD003DEBC5 /* InfoPlist.strings in Resources */,
			);
			runOnlyForDeploymentPostprocessing = 0;
		};
/* End PBXResourcesBuildPhase section */

/* Begin PBXSourcesBuildPhase section */
		172BE63918C91CBD003DEBC5 /* Sources */ = {
			isa = PBXSourcesBuildPhase;
			buildActionMask = 2147483647;
			files = (
				170C5AEB18D01CCA008D3543 /* WavFileUtils.cpp in Sources */,
				170C5AE518D01CCA008D3543 /* AudioTee.cpp in Sources */,
				170C5AE318D01CCA008D3543 /* AppController.mm in Sources */,
				17F41AC418DBAEFA00DF1A27 /* UploadView.m in Sources */,
				172AD82718D7730500524E8C /* DrawMouseBoxView.m in Sources */,
				17ED4BE518D92B35004A0D1B /* Recorder.m in Sources */,
				172BE65418C91CBD003DEBC5 /* MainViewAppDelegate.m in Sources */,
				172AD82418D772D800524E8C /* ScreenRecorder.m in Sources */,
				170C5AE618D01CCA008D3543 /* CARingBuffer.cpp in Sources */,
				170C5AE418D01CCA008D3543 /* AudioDevice.cpp in Sources */,
				172BE64D18C91CBD003DEBC5 /* main.m in Sources */,
				170C5AFB18D02064008D3543 /* CARingBuffer.cpp in Sources */,
			);
			runOnlyForDeploymentPostprocessing = 0;
		};
		172BE65A18C91CBD003DEBC5 /* Sources */ = {
			isa = PBXSourcesBuildPhase;
			buildActionMask = 2147483647;
			files = (
				172BE66B18C91CBD003DEBC5 /* CutterTests.m in Sources */,
			);
			runOnlyForDeploymentPostprocessing = 0;
		};
/* End PBXSourcesBuildPhase section */

/* Begin PBXTargetDependency section */
		172BE66318C91CBD003DEBC5 /* PBXTargetDependency */ = {
			isa = PBXTargetDependency;
			target = 172BE63C18C91CBD003DEBC5 /* Cutter */;
			targetProxy = 172BE66218C91CBD003DEBC5 /* PBXContainerItemProxy */;
		};
/* End PBXTargetDependency section */

/* Begin PBXVariantGroup section */
		172BE64918C91CBD003DEBC5 /* InfoPlist.strings */ = {
			isa = PBXVariantGroup;
			children = (
				172BE64A18C91CBD003DEBC5 /* en */,
			);
			name = InfoPlist.strings;
			sourceTree = "<group>";
		};
		172BE64F18C91CBD003DEBC5 /* Credits.rtf */ = {
			isa = PBXVariantGroup;
			children = (
				172BE65018C91CBD003DEBC5 /* en */,
			);
			name = Credits.rtf;
			sourceTree = "<group>";
		};
		172BE65518C91CBD003DEBC5 /* MainMenu.xib */ = {
			isa = PBXVariantGroup;
			children = (
				172BE65618C91CBD003DEBC5 /* Base */,
			);
			name = MainMenu.xib;
			sourceTree = "<group>";
		};
		172BE66718C91CBD003DEBC5 /* InfoPlist.strings */ = {
			isa = PBXVariantGroup;
			children = (
				172BE66818C91CBD003DEBC5 /* en */,
			);
			name = InfoPlist.strings;
			sourceTree = "<group>";
		};
/* End PBXVariantGroup section */

/* Begin XCBuildConfiguration section */
		172BE66C18C91CBD003DEBC5 /* Debug */ = {
			isa = XCBuildConfiguration;
			buildSettings = {
				ALWAYS_SEARCH_USER_PATHS = NO;
				CLANG_CXX_LANGUAGE_STANDARD = "gnu++0x";
				CLANG_CXX_LIBRARY = "libc++";
				CLANG_ENABLE_OBJC_ARC = YES;
				CLANG_WARN_BOOL_CONVERSION = YES;
				CLANG_WARN_CONSTANT_CONVERSION = YES;
				CLANG_WARN_DIRECT_OBJC_ISA_USAGE = YES_ERROR;
				CLANG_WARN_EMPTY_BODY = YES;
				CLANG_WARN_ENUM_CONVERSION = YES;
				CLANG_WARN_INT_CONVERSION = YES;
				CLANG_WARN_OBJC_ROOT_CLASS = YES_ERROR;
				CLANG_WARN__DUPLICATE_METHOD_MATCH = YES;
				COPY_PHASE_STRIP = NO;
				GCC_C_LANGUAGE_STANDARD = gnu99;
				GCC_DYNAMIC_NO_PIC = NO;
				GCC_ENABLE_OBJC_EXCEPTIONS = YES;
				GCC_OPTIMIZATION_LEVEL = 0;
				GCC_PREPROCESSOR_DEFINITIONS = (
					"DEBUG=1",
					"$(inherited)",
				);
				GCC_SYMBOLS_PRIVATE_EXTERN = NO;
				GCC_WARN_64_TO_32_BIT_CONVERSION = YES;
				GCC_WARN_ABOUT_RETURN_TYPE = YES_ERROR;
				GCC_WARN_UNDECLARED_SELECTOR = YES;
				GCC_WARN_UNINITIALIZED_AUTOS = YES;
				GCC_WARN_UNUSED_FUNCTION = YES;
				GCC_WARN_UNUSED_VARIABLE = YES;
				MACOSX_DEPLOYMENT_TARGET = 10.9;
				ONLY_ACTIVE_ARCH = YES;
				SDKROOT = macosx;
			};
			name = Debug;
		};
		172BE66D18C91CBD003DEBC5 /* Release */ = {
			isa = XCBuildConfiguration;
			buildSettings = {
				ALWAYS_SEARCH_USER_PATHS = NO;
				CLANG_CXX_LANGUAGE_STANDARD = "gnu++0x";
				CLANG_CXX_LIBRARY = "libc++";
				CLANG_ENABLE_OBJC_ARC = YES;
				CLANG_WARN_BOOL_CONVERSION = YES;
				CLANG_WARN_CONSTANT_CONVERSION = YES;
				CLANG_WARN_DIRECT_OBJC_ISA_USAGE = YES_ERROR;
				CLANG_WARN_EMPTY_BODY = YES;
				CLANG_WARN_ENUM_CONVERSION = YES;
				CLANG_WARN_INT_CONVERSION = YES;
				CLANG_WARN_OBJC_ROOT_CLASS = YES_ERROR;
				CLANG_WARN__DUPLICATE_METHOD_MATCH = YES;
				COPY_PHASE_STRIP = YES;
				DEBUG_INFORMATION_FORMAT = "dwarf-with-dsym";
				ENABLE_NS_ASSERTIONS = NO;
				GCC_C_LANGUAGE_STANDARD = gnu99;
				GCC_ENABLE_OBJC_EXCEPTIONS = YES;
				GCC_WARN_64_TO_32_BIT_CONVERSION = YES;
				GCC_WARN_ABOUT_RETURN_TYPE = YES_ERROR;
				GCC_WARN_UNDECLARED_SELECTOR = YES;
				GCC_WARN_UNINITIALIZED_AUTOS = YES;
				GCC_WARN_UNUSED_FUNCTION = YES;
				GCC_WARN_UNUSED_VARIABLE = YES;
				MACOSX_DEPLOYMENT_TARGET = 10.9;
				SDKROOT = macosx;
			};
			name = Release;
		};
		172BE66F18C91CBD003DEBC5 /* Debug */ = {
			isa = XCBuildConfiguration;
			buildSettings = {
				ARCHS = "$(ARCHS_STANDARD)";
				ASSETCATALOG_COMPILER_APPICON_NAME = AppIcon;
				COMBINE_HIDPI_IMAGES = YES;
				GCC_PRECOMPILE_PREFIX_HEADER = YES;
				GCC_PREFIX_HEADER = "Cutter/Cutter-Prefix.pch";
				INFOPLIST_FILE = "Cutter/Cutter-Info.plist";
				PRODUCT_NAME = "$(TARGET_NAME)";
				WRAPPER_EXTENSION = app;
			};
			name = Debug;
		};
		172BE67018C91CBD003DEBC5 /* Release */ = {
			isa = XCBuildConfiguration;
			buildSettings = {
				ARCHS = "$(ARCHS_STANDARD)";
				ASSETCATALOG_COMPILER_APPICON_NAME = AppIcon;
				COMBINE_HIDPI_IMAGES = YES;
				GCC_PRECOMPILE_PREFIX_HEADER = YES;
				GCC_PREFIX_HEADER = "Cutter/Cutter-Prefix.pch";
				INFOPLIST_FILE = "Cutter/Cutter-Info.plist";
				PRODUCT_NAME = "$(TARGET_NAME)";
				WRAPPER_EXTENSION = app;
			};
			name = Release;
		};
		172BE67218C91CBD003DEBC5 /* Debug */ = {
			isa = XCBuildConfiguration;
			buildSettings = {
				BUNDLE_LOADER = "$(BUILT_PRODUCTS_DIR)/Cutter.app/Contents/MacOS/Cutter";
				COMBINE_HIDPI_IMAGES = YES;
				FRAMEWORK_SEARCH_PATHS = (
					"$(DEVELOPER_FRAMEWORKS_DIR)",
					"$(inherited)",
				);
				GCC_PRECOMPILE_PREFIX_HEADER = YES;
				GCC_PREFIX_HEADER = "Cutter/Cutter-Prefix.pch";
				GCC_PREPROCESSOR_DEFINITIONS = (
					"DEBUG=1",
					"$(inherited)",
				);
				INFOPLIST_FILE = "CutterTests/CutterTests-Info.plist";
				PRODUCT_NAME = "$(TARGET_NAME)";
				TEST_HOST = "$(BUNDLE_LOADER)";
				WRAPPER_EXTENSION = xctest;
			};
			name = Debug;
		};
		172BE67318C91CBD003DEBC5 /* Release */ = {
			isa = XCBuildConfiguration;
			buildSettings = {
				BUNDLE_LOADER = "$(BUILT_PRODUCTS_DIR)/Cutter.app/Contents/MacOS/Cutter";
				COMBINE_HIDPI_IMAGES = YES;
				FRAMEWORK_SEARCH_PATHS = (
					"$(DEVELOPER_FRAMEWORKS_DIR)",
					"$(inherited)",
				);
				GCC_PRECOMPILE_PREFIX_HEADER = YES;
				GCC_PREFIX_HEADER = "Cutter/Cutter-Prefix.pch";
				INFOPLIST_FILE = "CutterTests/CutterTests-Info.plist";
				PRODUCT_NAME = "$(TARGET_NAME)";
				TEST_HOST = "$(BUNDLE_LOADER)";
				WRAPPER_EXTENSION = xctest;
			};
			name = Release;
		};
/* End XCBuildConfiguration section */

/* Begin XCConfigurationList section */
		172BE63818C91CBD003DEBC5 /* Build configuration list for PBXProject "Cutter" */ = {
			isa = XCConfigurationList;
			buildConfigurations = (
				172BE66C18C91CBD003DEBC5 /* Debug */,
				172BE66D18C91CBD003DEBC5 /* Release */,
			);
			defaultConfigurationIsVisible = 0;
			defaultConfigurationName = Release;
		};
		172BE66E18C91CBD003DEBC5 /* Build configuration list for PBXNativeTarget "Cutter" */ = {
			isa = XCConfigurationList;
			buildConfigurations = (
				172BE66F18C91CBD003DEBC5 /* Debug */,
				172BE67018C91CBD003DEBC5 /* Release */,
			);
			defaultConfigurationIsVisible = 0;
			defaultConfigurationName = Release;
		};
		172BE67118C91CBD003DEBC5 /* Build configuration list for PBXNativeTarget "CutterTests" */ = {
			isa = XCConfigurationList;
			buildConfigurations = (
				172BE67218C91CBD003DEBC5 /* Debug */,
				172BE67318C91CBD003DEBC5 /* Release */,
			);
			defaultConfigurationIsVisible = 0;
			defaultConfigurationName = Release;
		};
/* End XCConfigurationList section */
	};
	rootObject = 172BE63518C91CBD003DEBC5 /* Project object */;
}
